{
  "originHash" : "cfd8902b6dbac6552ca32032111eb76399cb9a2c868cc7d5ef95d2511f00d8f0",
  "pins" : [
    {
      "identity" : "swift-docc-plugin",
      "kind" : "remoteSourceControl",
      "location" : "https://github.com/swiftlang/swift-docc-plugin",
      "state" : {
        "revision" : "647c708be89f834fa6a6d4945442793a77ddf5b6",
        "version" : "1.5.0"
      }
    },
    {
      "identity" : "swift-docc-symbolkit",
      "kind" : "remoteSourceControl",
      "location" : "https://github.com/swiftlang/swift-docc-symbolkit",
      "state" : {
        "revision" : "b45d1f2ed151d057b54504d653e0da5552844e34",
        "version" : "1.0.0"
      }
    },
    {
      "identity" : "swiftexcelcore",
      "kind" : "remoteSourceControl",
      "location" : "https://github.com/jpurnell/SwiftExcelCore",
      "state" : {
        "revision" : "af7b7d56ef6a719c5783c9eb9a117649fc64ea32",
        "version" : "0.3.0"
      }
    },
    {
      "identity" : "swiftzip",
      "kind" : "remoteSourceControl",
      "location" : "https://github.com/jpurnell/SwiftZIP.git",
      "state" : {
        "revision" : "a5013c96745a5f298f8e9d7f955c3f78fc74f113",
        "version" : "0.6.0"
      }
    }
  ],
  "version" : 3
}
