{
  "originHash" : "59d211efbca2b568990f58a3b39a484f43401fedc5b62efb68b03e726a517dea",
  "pins" : [
    {
      "identity" : "swift-docc-plugin",
      "kind" : "remoteSourceControl",
      "location" : "https://github.com/swiftlang/swift-docc-plugin",
      "state" : {
        "revision" : "647c708be89f834fa6a6d4945442793a77ddf5b6",
        "version" : "1.5.0"
      }
    },
    {
      "identity" : "swift-docc-symbolkit",
      "kind" : "remoteSourceControl",
      "location" : "https://github.com/swiftlang/swift-docc-symbolkit",
      "state" : {
        "revision" : "b45d1f2ed151d057b54504d653e0da5552844e34",
        "version" : "1.0.0"
      }
    },
    {
      "identity" : "swiftzip",
      "kind" : "remoteSourceControl",
      "location" : "https://github.com/jpurnell/SwiftZIP.git",
      "state" : {
        "revision" : "ad2116716cd447eed989305f0ca98ff40a3cddc2",
        "version" : "0.3.0"
      }
    }
  ],
  "version" : 3
}
