{
  "originHash" : "b20a5b0680c27ea8c489c96fec43517ab98284684b832f8cca063afa994ebce5",
  "pins" : [
    {
      "identity" : "swift-docc-plugin",
      "kind" : "remoteSourceControl",
      "location" : "https://github.com/swiftlang/swift-docc-plugin",
      "state" : {
        "revision" : "647c708be89f834fa6a6d4945442793a77ddf5b6",
        "version" : "1.5.0"
      }
    },
    {
      "identity" : "swift-docc-symbolkit",
      "kind" : "remoteSourceControl",
      "location" : "https://github.com/swiftlang/swift-docc-symbolkit",
      "state" : {
        "revision" : "b45d1f2ed151d057b54504d653e0da5552844e34",
        "version" : "1.0.0"
      }
    },
    {
      "identity" : "swiftzip",
      "kind" : "remoteSourceControl",
      "location" : "https://github.com/jpurnell/SwiftZIP.git",
      "state" : {
        "revision" : "7fa8643b5c492c7a4d9ec53a0edd19166b61bb18",
        "version" : "0.5.0"
      }
    }
  ],
  "version" : 3
}
